<?xml version="1.0" encoding="utf-8"?>
<Project ToolsVersion="4.0" xmlns="http://schemas.microsoft.com/developer/msbuild/2003">
  <ItemGroup>
    <Filter Include="Source Files">
      <UniqueIdentifier>{4FC737F1-C7A5-4376-A066-2A32D752A2FF}</UniqueIdentifier>
      <Extensions>cpp;c;cc;cxx;c++;def;odl;idl;hpj;bat;asm;asmx</Extensions>
    </Filter>
    <Filter Include="Header Files">
      <UniqueIdentifier>{93995380-89BD-4b04-88EB-625FBE52EBFB}</UniqueIdentifier>
      <Extensions>h;hh;hpp;hxx;h++;hm;inl;inc;ipp;xsd</Extensions>
    </Filter>
    <Filter Include="Resource Files">
      <UniqueIdentifier>{67DA6AB6-F800-4c08-8B7A-83BB121AAD01}</UniqueIdentifier>
      <Extensions>rc;ico;cur;bmp;dlg;rc2;rct;bin;rgs;gif;jpg;jpeg;jpe;resx;tiff;tif;png;wav;mfcribbon-ms</Extensions>
    </Filter>
    <Filter Include="Source Files\pack&amp;unpack">
      <UniqueIdentifier>{8108202f-1a55-41f1-89aa-d4af5b9a1b5f}</UniqueIdentifier>
    </Filter>
    <Filter Include="Header Files\pack&amp;unpack">
      <UniqueIdentifier>{16673a09-0060-4d8f-b99b-30934cec1493}</UniqueIdentifier>
    </Filter>
  </ItemGroup>
  <ItemGroup>
    <ClCompile Include="aqualead_LZSS\aqualead_LZSS.c">
      <Filter>Source Files</Filter>
    </ClCompile>
    <ClCompile Include="main_old.cpp">
      <Filter>Source Files</Filter>
    </ClCompile>
    <ClCompile Include="CLI.cpp">
      <Filter>Source Files</Filter>
    </ClCompile>
    <ClCompile Include="pack_unpack\ALAR.cpp">
      <Filter>Source Files\pack&amp;unpack</Filter>
    </ClCompile>
    <ClCompile Include="common.cpp">
      <Filter>Source Files</Filter>
    </ClCompile>
    <ClCompile Include="pack_unpack\ALTX.cpp">
      <Filter>Source Files\pack&amp;unpack</Filter>
    </ClCompile>
  </ItemGroup>
  <ItemGroup>
    <ClInclude Include="aqualead_LZSS\aqualead_types.h">
      <Filter>Header Files</Filter>
    </ClInclude>
    <ClInclude Include="aqualead_LZSS\types.h">
      <Filter>Header Files</Filter>
    </ClInclude>
    <ClInclude Include="aqualead_LZSS\aqualead_LZSS.h">
      <Filter>Header Files</Filter>
    </ClInclude>
    <ClInclude Include="pack_unpack\ALAR.h">
      <Filter>Header Files\pack&amp;unpack</Filter>
    </ClInclude>
    <ClInclude Include="common.h">
      <Filter>Header Files</Filter>
    </ClInclude>
    <ClInclude Include="pack_unpack\ALTX.h">
      <Filter>Header Files\pack&amp;unpack</Filter>
    </ClInclude>
  </ItemGroup>
</Project>